<Solution>
  <Project Path="JsonDiff.Core/JsonDiff.Core.csproj" />
  <Project Path="JsonDiff.SystemTextJson/JsonDiff.SystemTextJson.csproj" Id="3dffb6ae-f7ed-4ff4-8bcd-232bd2c69092" />
  <Project Path="JsonDiff.Tests/JsonDiff.Tests.csproj" Id="d944a238-2e3e-4ae8-8bde-980ba5c2161d" />
</Solution>
